
Microsoft Visual Studio Solution File, Format Version 12.00
# Visual Studio Version 17
VisualStudioVersion = 17.1.32407.343
MinimumVisualStudioVersion = 10.0.40219.1
Project("{FAE04EC0-301F-11D3-BF4B-00C04F79EFBC}") = "Vidly", "Vidly\Vidly.csproj", "{0ADE0CB2-CD8A-4E6B-AA6E-FB2714269661}"
EndProject
Global
	GlobalSection(SolutionConfigurationPlatforms) = preSolution
		Debug|Any CPU = Debug|Any CPU
		Release|Any CPU = Release|Any CPU
	EndGlobalSection
	GlobalSection(ProjectConfigurationPlatforms) = postSolution
		{0ADE0CB2-CD8A-4E6B-AA6E-FB2714269661}.Debug|Any CPU.ActiveCfg = Debug|Any CPU
		{0ADE0CB2-CD8A-4E6B-AA6E-FB2714269661}.Debug|Any CPU.Build.0 = Debug|Any CPU
		{0ADE0CB2-CD8A-4E6B-AA6E-FB2714269661}.Release|Any CPU.ActiveCfg = Release|Any CPU
		{0ADE0CB2-CD8A-4E6B-AA6E-FB2714269661}.Release|Any CPU.Build.0 = Release|Any CPU
	EndGlobalSection
	GlobalSection(SolutionProperties) = preSolution
		HideSolutionNode = FALSE
	EndGlobalSection
	GlobalSection(ExtensibilityGlobals) = postSolution
		SolutionGuid = {32F81DB9-BEC3-432B-836A-5F750C19226A}
	EndGlobalSection
EndGlobal
